
Microsoft Visual Studio Solution File, Format Version 12.00
# Visual Studio Version 17
VisualStudioVersion = 17.4.33205.214
MinimumVisualStudioVersion = 10.0.40219.1
Project("{FAE04EC0-301F-11D3-BF4B-00C04F79EFBC}") = "DummyDB_3", "DummyDB_3\DummyDB_3.csproj", "{624FD08B-DEBE-4180-A83E-ED969A90BB9B}"
EndProject
Global
	GlobalSection(SolutionConfigurationPlatforms) = preSolution
		Debug|Any CPU = Debug|Any CPU
		Release|Any CPU = Release|Any CPU
	EndGlobalSection
	GlobalSection(ProjectConfigurationPlatforms) = postSolution
		{624FD08B-DEBE-4180-A83E-ED969A90BB9B}.Debug|Any CPU.ActiveCfg = Debug|Any CPU
		{624FD08B-DEBE-4180-A83E-ED969A90BB9B}.Debug|Any CPU.Build.0 = Debug|Any CPU
		{624FD08B-DEBE-4180-A83E-ED969A90BB9B}.Release|Any CPU.ActiveCfg = Release|Any CPU
		{624FD08B-DEBE-4180-A83E-ED969A90BB9B}.Release|Any CPU.Build.0 = Release|Any CPU
	EndGlobalSection
	GlobalSection(SolutionProperties) = preSolution
		HideSolutionNode = FALSE
	EndGlobalSection
	GlobalSection(ExtensibilityGlobals) = postSolution
		SolutionGuid = {667A16B7-982C-4D73-9BBC-B4DC525DBB41}
	EndGlobalSection
EndGlobal
